# THIS IS AN AUTOGENERATED FILE. DO NOT EDIT THIS FILE DIRECTLY.
# yarn lockfile v1


"@fullcalendar/core@^6.1.19":
  version "6.1.19"
  resolved "https://registry.yarnpkg.com/@fullcalendar/core/-/core-6.1.19.tgz#60379111ba0cfb9fd9bc6594fee47cf855fc77b2"
  integrity sha512-z0aVlO5e4Wah6p6mouM0UEqtRf1MZZPt4mwzEyU6kusaNL+dlWQgAasF2cK23hwT4cmxkEmr4inULXgpyeExdQ==
  dependencies:
    preact "~10.12.1"

"@fullcalendar/daygrid@^6.1.19":
  version "6.1.19"
  resolved "https://registry.yarnpkg.com/@fullcalendar/daygrid/-/daygrid-6.1.19.tgz#1d70a7f3f4cc13d3f27f55ed6880aae09a1a367b"
  integrity sha512-IAAfnMICnVWPjpT4zi87i3FEw0xxSza0avqY/HedKEz+l5MTBYvCDPOWDATpzXoLut3aACsjktIyw9thvIcRYQ==

"@fullcalendar/react@^6.1.19":
  version "6.1.19"
  resolved "https://registry.yarnpkg.com/@fullcalendar/react/-/react-6.1.19.tgz#921ecc92972af4c9654e4742dd4a73fd4092c2ae"
  integrity sha512-FP78vnyylaL/btZeHig8LQgfHgfwxLaIG6sKbNkzkPkKEACv11UyyBoTSkaavPsHtXvAkcTED1l7TOunAyPEnA==

preact@~10.12.1:
  version "10.12.1"
  resolved "https://registry.yarnpkg.com/preact/-/preact-10.12.1.tgz#8f9cb5442f560e532729b7d23d42fd1161354a21"
  integrity sha512-l8386ixSsBdbreOAkqtrwqHwdvR35ID8c3rKPa8lCWuO86dBi32QWHV4vfsZK1utLLFMvw+Z5Ad4XLkZzchscg==
